// !$*UTF8*$!
{
	archiveVersion = 1;
	classes = {
	};
	objectVersion = 46;
	objects = {

/* Begin PBXBuildFile section */
		7565F6361DC5DED800C523A5 /* NewsTests.m in Sources */ = {isa = PBXBuildFile; fileRef = 7565F6351DC5DED800C523A5 /* NewsTests.m */; };
		7565F6411DC5DED800C523A5 /* NewsUITests.m in Sources */ = {isa = PBXBuildFile; fileRef = 7565F6401DC5DED800C523A5 /* NewsUITests.m */; };
		7EFB6019D2DBD22DC5DD0DA2 /* DataDirector.m in Sources */ = {isa = PBXBuildFile; fileRef = 7EFB64BB016DB5EFF52C606D /* DataDirector.m */; };
		7EFB60BF9D5E788CF692ABAE /* ArticleViewController.m in Sources */ = {isa = PBXBuildFile; fileRef = 7EFB6E6938FB90E59EBAD623 /* ArticleViewController.m */; };
		7EFB618757593E13E2E34AA0 /* Main.storyboard in Resources */ = {isa = PBXBuildFile; fileRef = 7EFB679C6D01B86FD71E0E0F /* Main.storyboard */; };
		7EFB6367EA0DA1BAED6270F9 /* NewsBuilder.m in Sources */ = {isa = PBXBuildFile; fileRef = 7EFB623F9C3A06AF2E9BCB5C /* NewsBuilder.m */; };
		7EFB637C5EFC395A415AE73D /* Assets.xcassets in Resources */ = {isa = PBXBuildFile; fileRef = 7EFB6BCF3D491109C80A7F96 /* Assets.xcassets */; };
		7EFB638AF49DA587A366AF95 /* Webservice.m in Sources */ = {isa = PBXBuildFile; fileRef = 7EFB6AD1278D7C8DDD3A551E /* Webservice.m */; };
		7EFB63FD7218FAA51EDA8537 /* NewsArticle.m in Sources */ = {isa = PBXBuildFile; fileRef = 7EFB60107FBE79917586B975 /* NewsArticle.m */; };
		7EFB643EA3AAB444206CE99C /* LaunchScreen.storyboard in Resources */ = {isa = PBXBuildFile; fileRef = 7EFB6D3828E88397C73E0E52 /* LaunchScreen.storyboard */; };
		7EFB6641B83A090506570A8A /* NewsSource.m in Sources */ = {isa = PBXBuildFile; fileRef = 7EFB60A5F856B28C75E1D144 /* NewsSource.m */; };
		7EFB665B9645175102A6644A /* NewsSourceLogo.m in Sources */ = {isa = PBXBuildFile; fileRef = 7EFB69650E5908B08FC5B0FB /* NewsSourceLogo.m */; };
		7EFB679B66B71D71AD23F464 /* SourcesTableViewController.m in Sources */ = {isa = PBXBuildFile; fileRef = 7EFB60B12E96E2670F8A2938 /* SourcesTableViewController.m */; };
		7EFB67EA5F86AEBA46C37B1D /* AppDelegate.m in Sources */ = {isa = PBXBuildFile; fileRef = 7EFB64ABD10903E94EF10DB8 /* AppDelegate.m */; };
		7EFB6BDB97DC524CD8E1D04A /* ArticlesTableViewController.m in Sources */ = {isa = PBXBuildFile; fileRef = 7EFB6F20F35BEF7C33E7F78F /* ArticlesTableViewController.m */; };
		7EFB6D28D91F013FB4802DE5 /* CannedDataDirectorDataSource.m in Sources */ = {isa = PBXBuildFile; fileRef = 7EFB6E7A17D8902CEA34B473 /* CannedDataDirectorDataSource.m */; };
		7EFB6D70F65DB2D4C91A03B6 /* NewsSourceEmptyDataSourceView.m in Sources */ = {isa = PBXBuildFile; fileRef = 7EFB6AFC503F81428FA225BF /* NewsSourceEmptyDataSourceView.m */; };
		7EFB6F26A69958BE786DB1E2 /* NewsApiClient.m in Sources */ = {isa = PBXBuildFile; fileRef = 7EFB62BC2BE54E09D869DD36 /* NewsApiClient.m */; };
		7EFB6F4D13F6DF5BBB36D486 /* main.m in Sources */ = {isa = PBXBuildFile; fileRef = 7EFB6B9F0C03914BD62AE443 /* main.m */; };
/* End PBXBuildFile section */

/* Begin PBXContainerItemProxy section */
		7565F6321DC5DED800C523A5 /* PBXContainerItemProxy */ = {
			isa = PBXContainerItemProxy;
			containerPortal = 7565F6101DC5DED700C523A5 /* Project object */;
			proxyType = 1;
			remoteGlobalIDString = 7565F6171DC5DED700C523A5;
			remoteInfo = News;
		};
		7565F63D1DC5DED800C523A5 /* PBXContainerItemProxy */ = {
			isa = PBXContainerItemProxy;
			containerPortal = 7565F6101DC5DED700C523A5 /* Project object */;
			proxyType = 1;
			remoteGlobalIDString = 7565F6171DC5DED700C523A5;
			remoteInfo = News;
		};
/* End PBXContainerItemProxy section */

/* Begin PBXFileReference section */
		7565F6181DC5DED800C523A5 /* News.app */ = {isa = PBXFileReference; explicitFileType = wrapper.application; includeInIndex = 0; path = News.app; sourceTree = BUILT_PRODUCTS_DIR; };
		7565F6311DC5DED800C523A5 /* NewsTests.xctest */ = {isa = PBXFileReference; explicitFileType = wrapper.cfbundle; includeInIndex = 0; path = NewsTests.xctest; sourceTree = BUILT_PRODUCTS_DIR; };
		7565F6351DC5DED800C523A5 /* NewsTests.m */ = {isa = PBXFileReference; lastKnownFileType = sourcecode.c.objc; path = NewsTests.m; sourceTree = "<group>"; };
		7565F6371DC5DED800C523A5 /* Info.plist */ = {isa = PBXFileReference; lastKnownFileType = text.plist.xml; path = Info.plist; sourceTree = "<group>"; };
		7565F63C1DC5DED800C523A5 /* NewsUITests.xctest */ = {isa = PBXFileReference; explicitFileType = wrapper.cfbundle; includeInIndex = 0; path = NewsUITests.xctest; sourceTree = BUILT_PRODUCTS_DIR; };
		7565F6401DC5DED800C523A5 /* NewsUITests.m */ = {isa = PBXFileReference; lastKnownFileType = sourcecode.c.objc; path = NewsUITests.m; sourceTree = "<group>"; };
		7565F6421DC5DED800C523A5 /* Info.plist */ = {isa = PBXFileReference; lastKnownFileType = text.plist.xml; path = Info.plist; sourceTree = "<group>"; };
		7EFB60107FBE79917586B975 /* NewsArticle.m */ = {isa = PBXFileReference; fileEncoding = 4; lastKnownFileType = sourcecode.c.objc; path = NewsArticle.m; sourceTree = "<group>"; };
		7EFB60A5F856B28C75E1D144 /* NewsSource.m */ = {isa = PBXFileReference; fileEncoding = 4; lastKnownFileType = sourcecode.c.objc; path = NewsSource.m; sourceTree = "<group>"; };
		7EFB60B12E96E2670F8A2938 /* SourcesTableViewController.m */ = {isa = PBXFileReference; fileEncoding = 4; lastKnownFileType = sourcecode.c.objc; path = SourcesTableViewController.m; sourceTree = "<group>"; };
		7EFB623F9C3A06AF2E9BCB5C /* NewsBuilder.m */ = {isa = PBXFileReference; fileEncoding = 4; lastKnownFileType = sourcecode.c.objc; path = NewsBuilder.m; sourceTree = "<group>"; };
		7EFB624E5315534E76599590 /* NewsArticle.h */ = {isa = PBXFileReference; fileEncoding = 4; lastKnownFileType = sourcecode.c.h; path = NewsArticle.h; sourceTree = "<group>"; };
		7EFB62BC2BE54E09D869DD36 /* NewsApiClient.m */ = {isa = PBXFileReference; fileEncoding = 4; lastKnownFileType = sourcecode.c.objc; path = NewsApiClient.m; sourceTree = "<group>"; };
		7EFB63677A445BD524E5F6E6 /* DataDirector.h */ = {isa = PBXFileReference; fileEncoding = 4; lastKnownFileType = sourcecode.c.h; path = DataDirector.h; sourceTree = "<group>"; };
		7EFB64ABD10903E94EF10DB8 /* AppDelegate.m */ = {isa = PBXFileReference; fileEncoding = 4; lastKnownFileType = sourcecode.c.objc; path = AppDelegate.m; sourceTree = "<group>"; };
		7EFB64BB016DB5EFF52C606D /* DataDirector.m */ = {isa = PBXFileReference; fileEncoding = 4; lastKnownFileType = sourcecode.c.objc; path = DataDirector.m; sourceTree = "<group>"; };
		7EFB6629A90D0990857B0DC0 /* AppDelegate.h */ = {isa = PBXFileReference; fileEncoding = 4; lastKnownFileType = sourcecode.c.h; path = AppDelegate.h; sourceTree = "<group>"; };
		7EFB663BE434119E44853268 /* SourcesTableViewController.h */ = {isa = PBXFileReference; fileEncoding = 4; lastKnownFileType = sourcecode.c.h; path = SourcesTableViewController.h; sourceTree = "<group>"; };
		7EFB688453D9561382348A56 /* ArticlesTableViewController.h */ = {isa = PBXFileReference; fileEncoding = 4; lastKnownFileType = sourcecode.c.h; path = ArticlesTableViewController.h; sourceTree = "<group>"; };
		7EFB688AEB4968E5FB728BC0 /* Base */ = {isa = PBXFileReference; lastKnownFileType = file.storyboard; name = Base; path = News/Resources/Base.lproj/LaunchScreen.storyboard; sourceTree = SOURCE_ROOT; };
		7EFB69093998ABCF0F0FBE7C /* CannedDataDirectorDataSource.h */ = {isa = PBXFileReference; fileEncoding = 4; lastKnownFileType = sourcecode.c.h; path = CannedDataDirectorDataSource.h; sourceTree = "<group>"; };
		7EFB69650E5908B08FC5B0FB /* NewsSourceLogo.m */ = {isa = PBXFileReference; fileEncoding = 4; lastKnownFileType = sourcecode.c.objc; path = NewsSourceLogo.m; sourceTree = "<group>"; };
		7EFB69BD4FB1F11854E0D068 /* NewsBuilder.h */ = {isa = PBXFileReference; fileEncoding = 4; lastKnownFileType = sourcecode.c.h; path = NewsBuilder.h; sourceTree = "<group>"; };
		7EFB69EB6568400C87DA00CE /* NewsSourceEmptyDataSourceView.h */ = {isa = PBXFileReference; fileEncoding = 4; lastKnownFileType = sourcecode.c.h; path = NewsSourceEmptyDataSourceView.h; sourceTree = "<group>"; };
		7EFB6A265D9ED34C690126FE /* DataDirectorDataSource.h */ = {isa = PBXFileReference; fileEncoding = 4; lastKnownFileType = sourcecode.c.h; path = DataDirectorDataSource.h; sourceTree = "<group>"; };
		7EFB6A6A2E3693E7F76A2899 /* NewsSourceLogo.h */ = {isa = PBXFileReference; fileEncoding = 4; lastKnownFileType = sourcecode.c.h; path = NewsSourceLogo.h; sourceTree = "<group>"; };
		7EFB6AD1278D7C8DDD3A551E /* Webservice.m */ = {isa = PBXFileReference; fileEncoding = 4; lastKnownFileType = sourcecode.c.objc; path = Webservice.m; sourceTree = "<group>"; };
		7EFB6AE587A2BCDF520CB40B /* Webservice.h */ = {isa = PBXFileReference; fileEncoding = 4; lastKnownFileType = sourcecode.c.h; path = Webservice.h; sourceTree = "<group>"; };
		7EFB6AFC503F81428FA225BF /* NewsSourceEmptyDataSourceView.m */ = {isa = PBXFileReference; fileEncoding = 4; lastKnownFileType = sourcecode.c.objc; path = NewsSourceEmptyDataSourceView.m; sourceTree = "<group>"; };
		7EFB6B9F0C03914BD62AE443 /* main.m */ = {isa = PBXFileReference; fileEncoding = 4; lastKnownFileType = sourcecode.c.objc; path = main.m; sourceTree = "<group>"; };
		7EFB6BCF3D491109C80A7F96 /* Assets.xcassets */ = {isa = PBXFileReference; lastKnownFileType = folder.assetcatalog; path = Assets.xcassets; sourceTree = "<group>"; };
		7EFB6CB9A46C4E7BCFB0F121 /* Base */ = {isa = PBXFileReference; lastKnownFileType = file.storyboard; name = Base; path = News/Resources/Base.lproj/Main.storyboard; sourceTree = SOURCE_ROOT; };
		7EFB6D28299F485B82C47D14 /* NewsApiClient.h */ = {isa = PBXFileReference; fileEncoding = 4; lastKnownFileType = sourcecode.c.h; path = NewsApiClient.h; sourceTree = "<group>"; };
		7EFB6D3466D67DE005994606 /* ArticleViewController.h */ = {isa = PBXFileReference; fileEncoding = 4; lastKnownFileType = sourcecode.c.h; path = ArticleViewController.h; sourceTree = "<group>"; };
		7EFB6D4B63DC8813FCB3D84A /* NewsSource.h */ = {isa = PBXFileReference; fileEncoding = 4; lastKnownFileType = sourcecode.c.h; path = NewsSource.h; sourceTree = "<group>"; };
		7EFB6E6938FB90E59EBAD623 /* ArticleViewController.m */ = {isa = PBXFileReference; fileEncoding = 4; lastKnownFileType = sourcecode.c.objc; path = ArticleViewController.m; sourceTree = "<group>"; };
		7EFB6E7A17D8902CEA34B473 /* CannedDataDirectorDataSource.m */ = {isa = PBXFileReference; fileEncoding = 4; lastKnownFileType = sourcecode.c.objc; path = CannedDataDirectorDataSource.m; sourceTree = "<group>"; };
		7EFB6F20F35BEF7C33E7F78F /* ArticlesTableViewController.m */ = {isa = PBXFileReference; fileEncoding = 4; lastKnownFileType = sourcecode.c.objc; path = ArticlesTableViewController.m; sourceTree = "<group>"; };
		7EFB6F967910412079A77CDA /* Info.plist */ = {isa = PBXFileReference; fileEncoding = 4; lastKnownFileType = text.plist.info; path = Info.plist; sourceTree = "<group>"; };
/* End PBXFileReference section */

/* Begin PBXFrameworksBuildPhase section */
		7565F6151DC5DED700C523A5 /* Frameworks */ = {
			isa = PBXFrameworksBuildPhase;
			buildActionMask = 2147483647;
			files = (
			);
			runOnlyForDeploymentPostprocessing = 0;
		};
		7565F62E1DC5DED800C523A5 /* Frameworks */ = {
			isa = PBXFrameworksBuildPhase;
			buildActionMask = 2147483647;
			files = (
			);
			runOnlyForDeploymentPostprocessing = 0;
		};
		7565F6391DC5DED800C523A5 /* Frameworks */ = {
			isa = PBXFrameworksBuildPhase;
			buildActionMask = 2147483647;
			files = (
			);
			runOnlyForDeploymentPostprocessing = 0;
		};
/* End PBXFrameworksBuildPhase section */

/* Begin PBXGroup section */
		7565F60F1DC5DED700C523A5 = {
			isa = PBXGroup;
			children = (
				7565F61A1DC5DED800C523A5 /* News */,
				7565F6341DC5DED800C523A5 /* NewsTests */,
				7565F63F1DC5DED800C523A5 /* NewsUITests */,
				7565F6191DC5DED800C523A5 /* Products */,
			);
			sourceTree = "<group>";
		};
		7565F6191DC5DED800C523A5 /* Products */ = {
			isa = PBXGroup;
			children = (
				7565F6181DC5DED800C523A5 /* News.app */,
				7565F6311DC5DED800C523A5 /* NewsTests.xctest */,
				7565F63C1DC5DED800C523A5 /* NewsUITests.xctest */,
			);
			name = Products;
			sourceTree = "<group>";
		};
		7565F61A1DC5DED800C523A5 /* News */ = {
			isa = PBXGroup;
			children = (
				7EFB6E8AA941F7DE77C08F64 /* Sources */,
				7EFB6CA3E36DCA166E0708E6 /* Resources */,
			);
			path = News;
			sourceTree = "<group>";
		};
		7565F6341DC5DED800C523A5 /* NewsTests */ = {
			isa = PBXGroup;
			children = (
				7565F6351DC5DED800C523A5 /* NewsTests.m */,
				7565F6371DC5DED800C523A5 /* Info.plist */,
			);
			path = NewsTests;
			sourceTree = "<group>";
		};
		7565F63F1DC5DED800C523A5 /* NewsUITests */ = {
			isa = PBXGroup;
			children = (
				7565F6401DC5DED800C523A5 /* NewsUITests.m */,
				7565F6421DC5DED800C523A5 /* Info.plist */,
			);
			path = NewsUITests;
			sourceTree = "<group>";
		};
		7EFB605C687D62D43556CC57 /* CannedDataDirectorDataSource */ = {
			isa = PBXGroup;
			children = (
				7EFB69093998ABCF0F0FBE7C /* CannedDataDirectorDataSource.h */,
				7EFB6E7A17D8902CEA34B473 /* CannedDataDirectorDataSource.m */,
			);
			path = CannedDataDirectorDataSource;
			sourceTree = "<group>";
		};
		7EFB612746CEA3C5D53B1ED5 /* SourcesTableViewController */ = {
			isa = PBXGroup;
			children = (
				7EFB60B12E96E2670F8A2938 /* SourcesTableViewController.m */,
				7EFB663BE434119E44853268 /* SourcesTableViewController.h */,
			);
			path = SourcesTableViewController;
			sourceTree = "<group>";
		};
		7EFB6208D690D8FC33446F58 /* DataDirector */ = {
			isa = PBXGroup;
			children = (
				7EFB63677A445BD524E5F6E6 /* DataDirector.h */,
				7EFB64BB016DB5EFF52C606D /* DataDirector.m */,
			);
			path = DataDirector;
			sourceTree = "<group>";
		};
		7EFB628A306569EA51F0DFE4 /* EmptySourcesView */ = {
			isa = PBXGroup;
			children = (
				7EFB69EB6568400C87DA00CE /* NewsSourceEmptyDataSourceView.h */,
				7EFB6AFC503F81428FA225BF /* NewsSourceEmptyDataSourceView.m */,
			);
			path = EmptySourcesView;
			sourceTree = "<group>";
		};
		7EFB645FF87D63C933291701 /* App */ = {
			isa = PBXGroup;
			children = (
				7EFB6629A90D0990857B0DC0 /* AppDelegate.h */,
				7EFB64ABD10903E94EF10DB8 /* AppDelegate.m */,
				7EFB6B9F0C03914BD62AE443 /* main.m */,
			);
			path = App;
			sourceTree = "<group>";
		};
		7EFB648290254828E5371715 /* Data */ = {
			isa = PBXGroup;
			children = (
				7EFB67555CB1DA1C3B95236B /* NewsBuilder */,
				7EFB6208D690D8FC33446F58 /* DataDirector */,
				7EFB6A8A93F16239295A86E4 /* DataDirectorDataSource */,
				7EFB605C687D62D43556CC57 /* CannedDataDirectorDataSource */,
			);
			path = Data;
			sourceTree = "<group>";
		};
		7EFB6495601506A0303A0155 /* Config */ = {
			isa = PBXGroup;
			children = (
				7EFB6F967910412079A77CDA /* Info.plist */,
			);
			path = Config;
			sourceTree = "<group>";
		};
		7EFB649607FEACBC7133B152 /* View */ = {
			isa = PBXGroup;
			children = (
				7EFB628A306569EA51F0DFE4 /* EmptySourcesView */,
			);
			path = View;
			sourceTree = "<group>";
		};
		7EFB64CA33C7842ADFDA7EF6 /* ArticlesTableViewController */ = {
			isa = PBXGroup;
			children = (
				7EFB6F20F35BEF7C33E7F78F /* ArticlesTableViewController.m */,
				7EFB688453D9561382348A56 /* ArticlesTableViewController.h */,
			);
			path = ArticlesTableViewController;
			sourceTree = "<group>";
		};
		7EFB67555CB1DA1C3B95236B /* NewsBuilder */ = {
			isa = PBXGroup;
			children = (
				7EFB69BD4FB1F11854E0D068 /* NewsBuilder.h */,
				7EFB623F9C3A06AF2E9BCB5C /* NewsBuilder.m */,
			);
			path = NewsBuilder;
			sourceTree = "<group>";
		};
		7EFB6829DD70E3BC39A33548 /* SourceLogo */ = {
			isa = PBXGroup;
			children = (
				7EFB6A6A2E3693E7F76A2899 /* NewsSourceLogo.h */,
				7EFB69650E5908B08FC5B0FB /* NewsSourceLogo.m */,
			);
			path = SourceLogo;
			sourceTree = "<group>";
		};
		7EFB690F67E67CE4DE1966E2 /* ArticleViewController */ = {
			isa = PBXGroup;
			children = (
				7EFB6E6938FB90E59EBAD623 /* ArticleViewController.m */,
				7EFB6D3466D67DE005994606 /* ArticleViewController.h */,
			);
			path = ArticleViewController;
			sourceTree = "<group>";
		};
		7EFB6913CA57A8010A550684 /* Network */ = {
			isa = PBXGroup;
			children = (
				7EFB6AD1278D7C8DDD3A551E /* Webservice.m */,
				7EFB6AE587A2BCDF520CB40B /* Webservice.h */,
				7EFB62BC2BE54E09D869DD36 /* NewsApiClient.m */,
				7EFB6D28299F485B82C47D14 /* NewsApiClient.h */,
			);
			path = Network;
			sourceTree = "<group>";
		};
		7EFB6A336A789CC9BAF6FFF1 /* Source */ = {
			isa = PBXGroup;
			children = (
				7EFB6D4B63DC8813FCB3D84A /* NewsSource.h */,
				7EFB60A5F856B28C75E1D144 /* NewsSource.m */,
			);
			path = Source;
			sourceTree = "<group>";
		};
		7EFB6A8A93F16239295A86E4 /* DataDirectorDataSource */ = {
			isa = PBXGroup;
			children = (
				7EFB6A265D9ED34C690126FE /* DataDirectorDataSource.h */,
			);
			path = DataDirectorDataSource;
			sourceTree = "<group>";
		};
		7EFB6AC47084DCFA9A1E22DC /* Core */ = {
			isa = PBXGroup;
			children = (
				7EFB6913CA57A8010A550684 /* Network */,
				7EFB648290254828E5371715 /* Data */,
			);
			path = Core;
			sourceTree = "<group>";
		};
		7EFB6B1BE1D5EA8EB6AB0781 /* Assets */ = {
			isa = PBXGroup;
			children = (
				7EFB6D3828E88397C73E0E52 /* LaunchScreen.storyboard */,
				7EFB679C6D01B86FD71E0E0F /* Main.storyboard */,
				7EFB6BCF3D491109C80A7F96 /* Assets.xcassets */,
			);
			path = Assets;
			sourceTree = "<group>";
		};
		7EFB6CA3E36DCA166E0708E6 /* Resources */ = {
			isa = PBXGroup;
			children = (
				7EFB6B1BE1D5EA8EB6AB0781 /* Assets */,
				7EFB6495601506A0303A0155 /* Config */,
			);
			path = Resources;
			sourceTree = "<group>";
		};
		7EFB6CBF52084AC6F7072183 /* ViewControllers */ = {
			isa = PBXGroup;
			children = (
				7EFB612746CEA3C5D53B1ED5 /* SourcesTableViewController */,
				7EFB64CA33C7842ADFDA7EF6 /* ArticlesTableViewController */,
				7EFB690F67E67CE4DE1966E2 /* ArticleViewController */,
			);
			path = ViewControllers;
			sourceTree = "<group>";
		};
		7EFB6CD928C8E1D5E1489D85 /* Article */ = {
			isa = PBXGroup;
			children = (
				7EFB624E5315534E76599590 /* NewsArticle.h */,
				7EFB60107FBE79917586B975 /* NewsArticle.m */,
			);
			path = Article;
			sourceTree = "<group>";
		};
		7EFB6E8AA941F7DE77C08F64 /* Sources */ = {
			isa = PBXGroup;
			children = (
				7EFB645FF87D63C933291701 /* App */,
				7EFB6AC47084DCFA9A1E22DC /* Core */,
				7EFB6F4569A0CA2543117EA6 /* Model */,
				7EFB649607FEACBC7133B152 /* View */,
				7EFB6CBF52084AC6F7072183 /* ViewControllers */,
			);
			path = Sources;
			sourceTree = "<group>";
		};
		7EFB6F4569A0CA2543117EA6 /* Model */ = {
			isa = PBXGroup;
			children = (
				7EFB6CD928C8E1D5E1489D85 /* Article */,
				7EFB6A336A789CC9BAF6FFF1 /* Source */,
				7EFB6829DD70E3BC39A33548 /* SourceLogo */,
			);
			path = Model;
			sourceTree = "<group>";
		};
/* End PBXGroup section */

/* Begin PBXNativeTarget section */
		7565F6171DC5DED700C523A5 /* News */ = {
			isa = PBXNativeTarget;
			buildConfigurationList = 7565F6451DC5DED800C523A5 /* Build configuration list for PBXNativeTarget "News" */;
			buildPhases = (
				7565F6141DC5DED700C523A5 /* Sources */,
				7565F6151DC5DED700C523A5 /* Frameworks */,
				7565F6161DC5DED700C523A5 /* Resources */,
			);
			buildRules = (
			);
			dependencies = (
			);
			name = News;
			productName = News;
			productReference = 7565F6181DC5DED800C523A5 /* News.app */;
			productType = "com.apple.product-type.application";
		};
		7565F6301DC5DED800C523A5 /* NewsTests */ = {
			isa = PBXNativeTarget;
			buildConfigurationList = 7565F6481DC5DED800C523A5 /* Build configuration list for PBXNativeTarget "NewsTests" */;
			buildPhases = (
				7565F62D1DC5DED800C523A5 /* Sources */,
				7565F62E1DC5DED800C523A5 /* Frameworks */,
				7565F62F1DC5DED800C523A5 /* Resources */,
			);
			buildRules = (
			);
			dependencies = (
				7565F6331DC5DED800C523A5 /* PBXTargetDependency */,
			);
			name = NewsTests;
			productName = NewsTests;
			productReference = 7565F6311DC5DED800C523A5 /* NewsTests.xctest */;
			productType = "com.apple.product-type.bundle.unit-test";
		};
		7565F63B1DC5DED800C523A5 /* NewsUITests */ = {
			isa = PBXNativeTarget;
			buildConfigurationList = 7565F64B1DC5DED800C523A5 /* Build configuration list for PBXNativeTarget "NewsUITests" */;
			buildPhases = (
				7565F6381DC5DED800C523A5 /* Sources */,
				7565F6391DC5DED800C523A5 /* Frameworks */,
				7565F63A1DC5DED800C523A5 /* Resources */,
			);
			buildRules = (
			);
			dependencies = (
				7565F63E1DC5DED800C523A5 /* PBXTargetDependency */,
			);
			name = NewsUITests;
			productName = NewsUITests;
			productReference = 7565F63C1DC5DED800C523A5 /* NewsUITests.xctest */;
			productType = "com.apple.product-type.bundle.ui-testing";
		};
/* End PBXNativeTarget section */

/* Begin PBXProject section */
		7565F6101DC5DED700C523A5 /* Project object */ = {
			isa = PBXProject;
			attributes = {
				LastUpgradeCheck = 0810;
				ORGANIZATIONNAME = "Ivan Magda";
				TargetAttributes = {
					7565F6171DC5DED700C523A5 = {
						CreatedOnToolsVersion = 8.1;
						DevelopmentTeam = 6UNHY8UY6E;
						ProvisioningStyle = Automatic;
					};
					7565F6301DC5DED800C523A5 = {
						CreatedOnToolsVersion = 8.1;
						DevelopmentTeam = 6UNHY8UY6E;
						ProvisioningStyle = Automatic;
						TestTargetID = 7565F6171DC5DED700C523A5;
					};
					7565F63B1DC5DED800C523A5 = {
						CreatedOnToolsVersion = 8.1;
						DevelopmentTeam = 6UNHY8UY6E;
						ProvisioningStyle = Automatic;
						TestTargetID = 7565F6171DC5DED700C523A5;
					};
				};
			};
			buildConfigurationList = 7565F6131DC5DED700C523A5 /* Build configuration list for PBXProject "News" */;
			compatibilityVersion = "Xcode 3.2";
			developmentRegion = English;
			hasScannedForEncodings = 0;
			knownRegions = (
				en,
				Base,
			);
			mainGroup = 7565F60F1DC5DED700C523A5;
			productRefGroup = 7565F6191DC5DED800C523A5 /* Products */;
			projectDirPath = "";
			projectRoot = "";
			targets = (
				7565F6171DC5DED700C523A5 /* News */,
				7565F6301DC5DED800C523A5 /* NewsTests */,
				7565F63B1DC5DED800C523A5 /* NewsUITests */,
			);
		};
/* End PBXProject section */

/* Begin PBXResourcesBuildPhase section */
		7565F6161DC5DED700C523A5 /* Resources */ = {
			isa = PBXResourcesBuildPhase;
			buildActionMask = 2147483647;
			files = (
				7EFB643EA3AAB444206CE99C /* LaunchScreen.storyboard in Resources */,
				7EFB637C5EFC395A415AE73D /* Assets.xcassets in Resources */,
				7EFB618757593E13E2E34AA0 /* Main.storyboard in Resources */,
			);
			runOnlyForDeploymentPostprocessing = 0;
		};
		7565F62F1DC5DED800C523A5 /* Resources */ = {
			isa = PBXResourcesBuildPhase;
			buildActionMask = 2147483647;
			files = (
			);
			runOnlyForDeploymentPostprocessing = 0;
		};
		7565F63A1DC5DED800C523A5 /* Resources */ = {
			isa = PBXResourcesBuildPhase;
			buildActionMask = 2147483647;
			files = (
			);
			runOnlyForDeploymentPostprocessing = 0;
		};
/* End PBXResourcesBuildPhase section */

/* Begin PBXSourcesBuildPhase section */
		7565F6141DC5DED700C523A5 /* Sources */ = {
			isa = PBXSourcesBuildPhase;
			buildActionMask = 2147483647;
			files = (
				7EFB679B66B71D71AD23F464 /* SourcesTableViewController.m in Sources */,
				7EFB6BDB97DC524CD8E1D04A /* ArticlesTableViewController.m in Sources */,
				7EFB60BF9D5E788CF692ABAE /* ArticleViewController.m in Sources */,
				7EFB67EA5F86AEBA46C37B1D /* AppDelegate.m in Sources */,
				7EFB6F4D13F6DF5BBB36D486 /* main.m in Sources */,
				7EFB6D70F65DB2D4C91A03B6 /* NewsSourceEmptyDataSourceView.m in Sources */,
				7EFB638AF49DA587A366AF95 /* Webservice.m in Sources */,
				7EFB6F26A69958BE786DB1E2 /* NewsApiClient.m in Sources */,
				7EFB6367EA0DA1BAED6270F9 /* NewsBuilder.m in Sources */,
				7EFB6019D2DBD22DC5DD0DA2 /* DataDirector.m in Sources */,
				7EFB6D28D91F013FB4802DE5 /* CannedDataDirectorDataSource.m in Sources */,
				7EFB63FD7218FAA51EDA8537 /* NewsArticle.m in Sources */,
				7EFB6641B83A090506570A8A /* NewsSource.m in Sources */,
				7EFB665B9645175102A6644A /* NewsSourceLogo.m in Sources */,
			);
			runOnlyForDeploymentPostprocessing = 0;
		};
		7565F62D1DC5DED800C523A5 /* Sources */ = {
			isa = PBXSourcesBuildPhase;
			buildActionMask = 2147483647;
			files = (
				7565F6361DC5DED800C523A5 /* NewsTests.m in Sources */,
			);
			runOnlyForDeploymentPostprocessing = 0;
		};
		7565F6381DC5DED800C523A5 /* Sources */ = {
			isa = PBXSourcesBuildPhase;
			buildActionMask = 2147483647;
			files = (
				7565F6411DC5DED800C523A5 /* NewsUITests.m in Sources */,
			);
			runOnlyForDeploymentPostprocessing = 0;
		};
/* End PBXSourcesBuildPhase section */

/* Begin PBXTargetDependency section */
		7565F6331DC5DED800C523A5 /* PBXTargetDependency */ = {
			isa = PBXTargetDependency;
			target = 7565F6171DC5DED700C523A5 /* News */;
			targetProxy = 7565F6321DC5DED800C523A5 /* PBXContainerItemProxy */;
		};
		7565F63E1DC5DED800C523A5 /* PBXTargetDependency */ = {
			isa = PBXTargetDependency;
			target = 7565F6171DC5DED700C523A5 /* News */;
			targetProxy = 7565F63D1DC5DED800C523A5 /* PBXContainerItemProxy */;
		};
/* End PBXTargetDependency section */

/* Begin PBXVariantGroup section */
		7EFB679C6D01B86FD71E0E0F /* Main.storyboard */ = {
			isa = PBXVariantGroup;
			children = (
				7EFB6CB9A46C4E7BCFB0F121 /* Base */,
			);
			name = Main.storyboard;
			sourceTree = "<group>";
		};
		7EFB6D3828E88397C73E0E52 /* LaunchScreen.storyboard */ = {
			isa = PBXVariantGroup;
			children = (
				7EFB688AEB4968E5FB728BC0 /* Base */,
			);
			name = LaunchScreen.storyboard;
			sourceTree = "<group>";
		};
/* End PBXVariantGroup section */

/* Begin XCBuildConfiguration section */
		7565F6431DC5DED800C523A5 /* Debug */ = {
			isa = XCBuildConfiguration;
			buildSettings = {
				ALWAYS_SEARCH_USER_PATHS = NO;
				CLANG_ANALYZER_NONNULL = YES;
				CLANG_CXX_LANGUAGE_STANDARD = "gnu++0x";
				CLANG_CXX_LIBRARY = "libc++";
				CLANG_ENABLE_MODULES = YES;
				CLANG_ENABLE_OBJC_ARC = YES;
				CLANG_WARN_BOOL_CONVERSION = YES;
				CLANG_WARN_CONSTANT_CONVERSION = YES;
				CLANG_WARN_DIRECT_OBJC_ISA_USAGE = YES_ERROR;
				CLANG_WARN_DOCUMENTATION_COMMENTS = YES;
				CLANG_WARN_EMPTY_BODY = YES;
				CLANG_WARN_ENUM_CONVERSION = YES;
				CLANG_WARN_INFINITE_RECURSION = YES;
				CLANG_WARN_INT_CONVERSION = YES;
				CLANG_WARN_OBJC_ROOT_CLASS = YES_ERROR;
				CLANG_WARN_SUSPICIOUS_MOVES = YES;
				CLANG_WARN_UNREACHABLE_CODE = YES;
				CLANG_WARN__DUPLICATE_METHOD_MATCH = YES;
				"CODE_SIGN_IDENTITY[sdk=iphoneos*]" = "iPhone Developer";
				COPY_PHASE_STRIP = NO;
				DEBUG_INFORMATION_FORMAT = dwarf;
				ENABLE_STRICT_OBJC_MSGSEND = YES;
				ENABLE_TESTABILITY = YES;
				GCC_C_LANGUAGE_STANDARD = gnu99;
				GCC_DYNAMIC_NO_PIC = NO;
				GCC_NO_COMMON_BLOCKS = YES;
				GCC_OPTIMIZATION_LEVEL = 0;
				GCC_PREPROCESSOR_DEFINITIONS = (
					"DEBUG=1",
					"$(inherited)",
				);
				GCC_WARN_64_TO_32_BIT_CONVERSION = YES;
				GCC_WARN_ABOUT_RETURN_TYPE = YES_ERROR;
				GCC_WARN_UNDECLARED_SELECTOR = YES;
				GCC_WARN_UNINITIALIZED_AUTOS = YES_AGGRESSIVE;
				GCC_WARN_UNUSED_FUNCTION = YES;
				GCC_WARN_UNUSED_VARIABLE = YES;
				IPHONEOS_DEPLOYMENT_TARGET = 10.0;
				MTL_ENABLE_DEBUG_INFO = YES;
				ONLY_ACTIVE_ARCH = YES;
				SDKROOT = iphoneos;
				TARGETED_DEVICE_FAMILY = "1,2";
			};
			name = Debug;
		};
		7565F6441DC5DED800C523A5 /* Release */ = {
			isa = XCBuildConfiguration;
			buildSettings = {
				ALWAYS_SEARCH_USER_PATHS = NO;
				CLANG_ANALYZER_NONNULL = YES;
				CLANG_CXX_LANGUAGE_STANDARD = "gnu++0x";
				CLANG_CXX_LIBRARY = "libc++";
				CLANG_ENABLE_MODULES = YES;
				CLANG_ENABLE_OBJC_ARC = YES;
				CLANG_WARN_BOOL_CONVERSION = YES;
				CLANG_WARN_CONSTANT_CONVERSION = YES;
				CLANG_WARN_DIRECT_OBJC_ISA_USAGE = YES_ERROR;
				CLANG_WARN_DOCUMENTATION_COMMENTS = YES;
				CLANG_WARN_EMPTY_BODY = YES;
				CLANG_WARN_ENUM_CONVERSION = YES;
				CLANG_WARN_INFINITE_RECURSION = YES;
				CLANG_WARN_INT_CONVERSION = YES;
				CLANG_WARN_OBJC_ROOT_CLASS = YES_ERROR;
				CLANG_WARN_SUSPICIOUS_MOVES = YES;
				CLANG_WARN_UNREACHABLE_CODE = YES;
				CLANG_WARN__DUPLICATE_METHOD_MATCH = YES;
				"CODE_SIGN_IDENTITY[sdk=iphoneos*]" = "iPhone Developer";
				COPY_PHASE_STRIP = NO;
				DEBUG_INFORMATION_FORMAT = "dwarf-with-dsym";
				ENABLE_NS_ASSERTIONS = NO;
				ENABLE_STRICT_OBJC_MSGSEND = YES;
				GCC_C_LANGUAGE_STANDARD = gnu99;
				GCC_NO_COMMON_BLOCKS = YES;
				GCC_WARN_64_TO_32_BIT_CONVERSION = YES;
				GCC_WARN_ABOUT_RETURN_TYPE = YES_ERROR;
				GCC_WARN_UNDECLARED_SELECTOR = YES;
				GCC_WARN_UNINITIALIZED_AUTOS = YES_AGGRESSIVE;
				GCC_WARN_UNUSED_FUNCTION = YES;
				GCC_WARN_UNUSED_VARIABLE = YES;
				IPHONEOS_DEPLOYMENT_TARGET = 10.0;
				MTL_ENABLE_DEBUG_INFO = NO;
				SDKROOT = iphoneos;
				TARGETED_DEVICE_FAMILY = "1,2";
				VALIDATE_PRODUCT = YES;
			};
			name = Release;
		};
		7565F6461DC5DED800C523A5 /* Debug */ = {
			isa = XCBuildConfiguration;
			buildSettings = {
				ASSETCATALOG_COMPILER_APPICON_NAME = AppIcon;
				"CODE_SIGN_IDENTITY[sdk=iphoneos*]" = "iPhone Developer";
				CODE_SIGN_STYLE = Automatic;
				DEVELOPMENT_TEAM = 6UNHY8UY6E;
				INFOPLIST_FILE = "$(SRCROOT)/News/Resources/Config/Info.plist";
				IPHONEOS_DEPLOYMENT_TARGET = 9.0;
				LD_RUNPATH_SEARCH_PATHS = "$(inherited) @executable_path/Frameworks";
				PRODUCT_BUNDLE_IDENTIFIER = "com.ivanmagda.News-objc";
				PRODUCT_NAME = "$(TARGET_NAME)";
				PROVISIONING_PROFILE_SPECIFIER = "";
			};
			name = Debug;
		};
		7565F6471DC5DED800C523A5 /* Release */ = {
			isa = XCBuildConfiguration;
			buildSettings = {
				ASSETCATALOG_COMPILER_APPICON_NAME = AppIcon;
				"CODE_SIGN_IDENTITY[sdk=iphoneos*]" = "iPhone Developer";
				CODE_SIGN_STYLE = Automatic;
				DEVELOPMENT_TEAM = 6UNHY8UY6E;
				INFOPLIST_FILE = "$(SRCROOT)/News/Resources/Config/Info.plist";
				IPHONEOS_DEPLOYMENT_TARGET = 9.0;
				LD_RUNPATH_SEARCH_PATHS = "$(inherited) @executable_path/Frameworks";
				PRODUCT_BUNDLE_IDENTIFIER = "com.ivanmagda.News-objc";
				PRODUCT_NAME = "$(TARGET_NAME)";
				PROVISIONING_PROFILE_SPECIFIER = "";
			};
			name = Release;
		};
		7565F6491DC5DED800C523A5 /* Debug */ = {
			isa = XCBuildConfiguration;
			buildSettings = {
				BUNDLE_LOADER = "$(TEST_HOST)";
				DEVELOPMENT_TEAM = 6UNHY8UY6E;
				INFOPLIST_FILE = NewsTests/Info.plist;
				LD_RUNPATH_SEARCH_PATHS = "$(inherited) @executable_path/Frameworks @loader_path/Frameworks";
				PRODUCT_BUNDLE_IDENTIFIER = com.ivanmagda.NewsTests;
				PRODUCT_NAME = "$(TARGET_NAME)";
				TEST_HOST = "$(BUILT_PRODUCTS_DIR)/News.app/News";
			};
			name = Debug;
		};
		7565F64A1DC5DED800C523A5 /* Release */ = {
			isa = XCBuildConfiguration;
			buildSettings = {
				BUNDLE_LOADER = "$(TEST_HOST)";
				DEVELOPMENT_TEAM = 6UNHY8UY6E;
				INFOPLIST_FILE = NewsTests/Info.plist;
				LD_RUNPATH_SEARCH_PATHS = "$(inherited) @executable_path/Frameworks @loader_path/Frameworks";
				PRODUCT_BUNDLE_IDENTIFIER = com.ivanmagda.NewsTests;
				PRODUCT_NAME = "$(TARGET_NAME)";
				TEST_HOST = "$(BUILT_PRODUCTS_DIR)/News.app/News";
			};
			name = Release;
		};
		7565F64C1DC5DED800C523A5 /* Debug */ = {
			isa = XCBuildConfiguration;
			buildSettings = {
				DEVELOPMENT_TEAM = 6UNHY8UY6E;
				INFOPLIST_FILE = NewsUITests/Info.plist;
				LD_RUNPATH_SEARCH_PATHS = "$(inherited) @executable_path/Frameworks @loader_path/Frameworks";
				PRODUCT_BUNDLE_IDENTIFIER = com.ivanmagda.NewsUITests;
				PRODUCT_NAME = "$(TARGET_NAME)";
				TEST_TARGET_NAME = News;
			};
			name = Debug;
		};
		7565F64D1DC5DED800C523A5 /* Release */ = {
			isa = XCBuildConfiguration;
			buildSettings = {
				DEVELOPMENT_TEAM = 6UNHY8UY6E;
				INFOPLIST_FILE = NewsUITests/Info.plist;
				LD_RUNPATH_SEARCH_PATHS = "$(inherited) @executable_path/Frameworks @loader_path/Frameworks";
				PRODUCT_BUNDLE_IDENTIFIER = com.ivanmagda.NewsUITests;
				PRODUCT_NAME = "$(TARGET_NAME)";
				TEST_TARGET_NAME = News;
			};
			name = Release;
		};
/* End XCBuildConfiguration section */

/* Begin XCConfigurationList section */
		7565F6131DC5DED700C523A5 /* Build configuration list for PBXProject "News" */ = {
			isa = XCConfigurationList;
			buildConfigurations = (
				7565F6431DC5DED800C523A5 /* Debug */,
				7565F6441DC5DED800C523A5 /* Release */,
			);
			defaultConfigurationIsVisible = 0;
			defaultConfigurationName = Release;
		};
		7565F6451DC5DED800C523A5 /* Build configuration list for PBXNativeTarget "News" */ = {
			isa = XCConfigurationList;
			buildConfigurations = (
				7565F6461DC5DED800C523A5 /* Debug */,
				7565F6471DC5DED800C523A5 /* Release */,
			);
			defaultConfigurationIsVisible = 0;
			defaultConfigurationName = Release;
		};
		7565F6481DC5DED800C523A5 /* Build configuration list for PBXNativeTarget "NewsTests" */ = {
			isa = XCConfigurationList;
			buildConfigurations = (
				7565F6491DC5DED800C523A5 /* Debug */,
				7565F64A1DC5DED800C523A5 /* Release */,
			);
			defaultConfigurationIsVisible = 0;
			defaultConfigurationName = Release;
		};
		7565F64B1DC5DED800C523A5 /* Build configuration list for PBXNativeTarget "NewsUITests" */ = {
			isa = XCConfigurationList;
			buildConfigurations = (
				7565F64C1DC5DED800C523A5 /* Debug */,
				7565F64D1DC5DED800C523A5 /* Release */,
			);
			defaultConfigurationIsVisible = 0;
			defaultConfigurationName = Release;
		};
/* End XCConfigurationList section */
	};
	rootObject = 7565F6101DC5DED700C523A5 /* Project object */;
}
