// !$*UTF8*$!
{
	archiveVersion = 1;
	classes = {
	};
	objectVersion = 46;
	objects = {

/* Begin PBXBuildFile section */
		751142171DC79A1800F299E1 /* ArticleViewController.m in Sources */ = {isa = PBXBuildFile; fileRef = 751142161DC79A1800F299E1 /* ArticleViewController.m */; };
		7561AADF1DC62F010090F85D /* NewsSource.m in Sources */ = {isa = PBXBuildFile; fileRef = 7561AADE1DC62F010090F85D /* NewsSource.m */; };
		7561AAE31DC62FC50090F85D /* NewsBuilder.m in Sources */ = {isa = PBXBuildFile; fileRef = 7561AAE21DC62FC50090F85D /* NewsBuilder.m */; };
		7561AAE61DC638E00090F85D /* NewsSourceLogo.m in Sources */ = {isa = PBXBuildFile; fileRef = 7561AAE51DC638E00090F85D /* NewsSourceLogo.m */; };
		7561AAEA1DC644F60090F85D /* DataDirector.m in Sources */ = {isa = PBXBuildFile; fileRef = 7561AAE91DC644F60090F85D /* DataDirector.m */; };
		7561AAED1DC6479C0090F85D /* CannedDataDirectorDataSource.m in Sources */ = {isa = PBXBuildFile; fileRef = 7561AAEC1DC6479C0090F85D /* CannedDataDirectorDataSource.m */; };
		7561AAF11DC659B10090F85D /* NewsSourceEmptyDataSourceView.m in Sources */ = {isa = PBXBuildFile; fileRef = 7561AAF01DC659B10090F85D /* NewsSourceEmptyDataSourceView.m */; };
		756220411DC71E1900EC0347 /* ArticlesTableViewController.m in Sources */ = {isa = PBXBuildFile; fileRef = 756220401DC71E1900EC0347 /* ArticlesTableViewController.m */; };
		756220441DC71E9200EC0347 /* NewsArticle.m in Sources */ = {isa = PBXBuildFile; fileRef = 756220431DC71E9200EC0347 /* NewsArticle.m */; };
		7565F61D1DC5DED800C523A5 /* main.m in Sources */ = {isa = PBXBuildFile; fileRef = 7565F61C1DC5DED800C523A5 /* main.m */; };
		7565F6201DC5DED800C523A5 /* AppDelegate.m in Sources */ = {isa = PBXBuildFile; fileRef = 7565F61F1DC5DED800C523A5 /* AppDelegate.m */; };
		7565F6231DC5DED800C523A5 /* SourcesTableViewController.m in Sources */ = {isa = PBXBuildFile; fileRef = 7565F6221DC5DED800C523A5 /* SourcesTableViewController.m */; };
		7565F6261DC5DED800C523A5 /* Main.storyboard in Resources */ = {isa = PBXBuildFile; fileRef = 7565F6241DC5DED800C523A5 /* Main.storyboard */; };
		7565F6281DC5DED800C523A5 /* Assets.xcassets in Resources */ = {isa = PBXBuildFile; fileRef = 7565F6271DC5DED800C523A5 /* Assets.xcassets */; };
		7565F62B1DC5DED800C523A5 /* LaunchScreen.storyboard in Resources */ = {isa = PBXBuildFile; fileRef = 7565F6291DC5DED800C523A5 /* LaunchScreen.storyboard */; };
		7565F6361DC5DED800C523A5 /* NewsTests.m in Sources */ = {isa = PBXBuildFile; fileRef = 7565F6351DC5DED800C523A5 /* NewsTests.m */; };
		7565F6411DC5DED800C523A5 /* NewsUITests.m in Sources */ = {isa = PBXBuildFile; fileRef = 7565F6401DC5DED800C523A5 /* NewsUITests.m */; };
		7565F6521DC5E42600C523A5 /* Webservice.m in Sources */ = {isa = PBXBuildFile; fileRef = 7565F6511DC5E42600C523A5 /* Webservice.m */; };
		7565F6591DC5F19400C523A5 /* NewsApiClient.m in Sources */ = {isa = PBXBuildFile; fileRef = 7565F6581DC5F19400C523A5 /* NewsApiClient.m */; };
/* End PBXBuildFile section */

/* Begin PBXContainerItemProxy section */
		7565F6321DC5DED800C523A5 /* PBXContainerItemProxy */ = {
			isa = PBXContainerItemProxy;
			containerPortal = 7565F6101DC5DED700C523A5 /* Project object */;
			proxyType = 1;
			remoteGlobalIDString = 7565F6171DC5DED700C523A5;
			remoteInfo = News;
		};
		7565F63D1DC5DED800C523A5 /* PBXContainerItemProxy */ = {
			isa = PBXContainerItemProxy;
			containerPortal = 7565F6101DC5DED700C523A5 /* Project object */;
			proxyType = 1;
			remoteGlobalIDString = 7565F6171DC5DED700C523A5;
			remoteInfo = News;
		};
/* End PBXContainerItemProxy section */

/* Begin PBXFileReference section */
		751142151DC79A1800F299E1 /* ArticleViewController.h */ = {isa = PBXFileReference; fileEncoding = 4; lastKnownFileType = sourcecode.c.h; path = ArticleViewController.h; sourceTree = "<group>"; };
		751142161DC79A1800F299E1 /* ArticleViewController.m */ = {isa = PBXFileReference; fileEncoding = 4; lastKnownFileType = sourcecode.c.objc; path = ArticleViewController.m; sourceTree = "<group>"; };
		7561AADD1DC62F010090F85D /* NewsSource.h */ = {isa = PBXFileReference; fileEncoding = 4; lastKnownFileType = sourcecode.c.h; path = NewsSource.h; sourceTree = "<group>"; };
		7561AADE1DC62F010090F85D /* NewsSource.m */ = {isa = PBXFileReference; fileEncoding = 4; lastKnownFileType = sourcecode.c.objc; path = NewsSource.m; sourceTree = "<group>"; };
		7561AAE11DC62FC50090F85D /* NewsBuilder.h */ = {isa = PBXFileReference; fileEncoding = 4; lastKnownFileType = sourcecode.c.h; path = NewsBuilder.h; sourceTree = "<group>"; };
		7561AAE21DC62FC50090F85D /* NewsBuilder.m */ = {isa = PBXFileReference; fileEncoding = 4; lastKnownFileType = sourcecode.c.objc; path = NewsBuilder.m; sourceTree = "<group>"; };
		7561AAE41DC638E00090F85D /* NewsSourceLogo.h */ = {isa = PBXFileReference; fileEncoding = 4; lastKnownFileType = sourcecode.c.h; path = NewsSourceLogo.h; sourceTree = "<group>"; };
		7561AAE51DC638E00090F85D /* NewsSourceLogo.m */ = {isa = PBXFileReference; fileEncoding = 4; lastKnownFileType = sourcecode.c.objc; path = NewsSourceLogo.m; sourceTree = "<group>"; };
		7561AAE81DC644F60090F85D /* DataDirector.h */ = {isa = PBXFileReference; fileEncoding = 4; lastKnownFileType = sourcecode.c.h; path = DataDirector.h; sourceTree = "<group>"; };
		7561AAE91DC644F60090F85D /* DataDirector.m */ = {isa = PBXFileReference; fileEncoding = 4; lastKnownFileType = sourcecode.c.objc; path = DataDirector.m; sourceTree = "<group>"; };
		7561AAEB1DC6479C0090F85D /* CannedDataDirectorDataSource.h */ = {isa = PBXFileReference; fileEncoding = 4; lastKnownFileType = sourcecode.c.h; path = CannedDataDirectorDataSource.h; sourceTree = "<group>"; };
		7561AAEC1DC6479C0090F85D /* CannedDataDirectorDataSource.m */ = {isa = PBXFileReference; fileEncoding = 4; lastKnownFileType = sourcecode.c.objc; path = CannedDataDirectorDataSource.m; sourceTree = "<group>"; };
		7561AAEF1DC659B10090F85D /* NewsSourceEmptyDataSourceView.h */ = {isa = PBXFileReference; fileEncoding = 4; lastKnownFileType = sourcecode.c.h; path = NewsSourceEmptyDataSourceView.h; sourceTree = "<group>"; };
		7561AAF01DC659B10090F85D /* NewsSourceEmptyDataSourceView.m */ = {isa = PBXFileReference; fileEncoding = 4; lastKnownFileType = sourcecode.c.objc; path = NewsSourceEmptyDataSourceView.m; sourceTree = "<group>"; };
		7562203F1DC71E1900EC0347 /* ArticlesTableViewController.h */ = {isa = PBXFileReference; fileEncoding = 4; lastKnownFileType = sourcecode.c.h; path = ArticlesTableViewController.h; sourceTree = "<group>"; };
		756220401DC71E1900EC0347 /* ArticlesTableViewController.m */ = {isa = PBXFileReference; fileEncoding = 4; lastKnownFileType = sourcecode.c.objc; path = ArticlesTableViewController.m; sourceTree = "<group>"; };
		756220421DC71E9200EC0347 /* NewsArticle.h */ = {isa = PBXFileReference; fileEncoding = 4; lastKnownFileType = sourcecode.c.h; path = NewsArticle.h; sourceTree = "<group>"; };
		756220431DC71E9200EC0347 /* NewsArticle.m */ = {isa = PBXFileReference; fileEncoding = 4; lastKnownFileType = sourcecode.c.objc; path = NewsArticle.m; sourceTree = "<group>"; };
		7565F6181DC5DED800C523A5 /* News.app */ = {isa = PBXFileReference; explicitFileType = wrapper.application; includeInIndex = 0; path = News.app; sourceTree = BUILT_PRODUCTS_DIR; };
		7565F61C1DC5DED800C523A5 /* main.m */ = {isa = PBXFileReference; lastKnownFileType = sourcecode.c.objc; path = main.m; sourceTree = "<group>"; };
		7565F61E1DC5DED800C523A5 /* AppDelegate.h */ = {isa = PBXFileReference; lastKnownFileType = sourcecode.c.h; path = AppDelegate.h; sourceTree = "<group>"; };
		7565F61F1DC5DED800C523A5 /* AppDelegate.m */ = {isa = PBXFileReference; lastKnownFileType = sourcecode.c.objc; path = AppDelegate.m; sourceTree = "<group>"; };
		7565F6211DC5DED800C523A5 /* SourcesTableViewController.h */ = {isa = PBXFileReference; lastKnownFileType = sourcecode.c.h; path = SourcesTableViewController.h; sourceTree = "<group>"; };
		7565F6221DC5DED800C523A5 /* SourcesTableViewController.m */ = {isa = PBXFileReference; lastKnownFileType = sourcecode.c.objc; path = SourcesTableViewController.m; sourceTree = "<group>"; };
		7565F6251DC5DED800C523A5 /* Base */ = {isa = PBXFileReference; lastKnownFileType = file.storyboard; name = Base; path = Base.lproj/Main.storyboard; sourceTree = "<group>"; };
		7565F6271DC5DED800C523A5 /* Assets.xcassets */ = {isa = PBXFileReference; lastKnownFileType = folder.assetcatalog; path = Assets.xcassets; sourceTree = "<group>"; };
		7565F62A1DC5DED800C523A5 /* Base */ = {isa = PBXFileReference; lastKnownFileType = file.storyboard; name = Base; path = Base.lproj/LaunchScreen.storyboard; sourceTree = "<group>"; };
		7565F62C1DC5DED800C523A5 /* Info.plist */ = {isa = PBXFileReference; lastKnownFileType = text.plist.xml; path = Info.plist; sourceTree = "<group>"; };
		7565F6311DC5DED800C523A5 /* NewsTests.xctest */ = {isa = PBXFileReference; explicitFileType = wrapper.cfbundle; includeInIndex = 0; path = NewsTests.xctest; sourceTree = BUILT_PRODUCTS_DIR; };
		7565F6351DC5DED800C523A5 /* NewsTests.m */ = {isa = PBXFileReference; lastKnownFileType = sourcecode.c.objc; path = NewsTests.m; sourceTree = "<group>"; };
		7565F6371DC5DED800C523A5 /* Info.plist */ = {isa = PBXFileReference; lastKnownFileType = text.plist.xml; path = Info.plist; sourceTree = "<group>"; };
		7565F63C1DC5DED800C523A5 /* NewsUITests.xctest */ = {isa = PBXFileReference; explicitFileType = wrapper.cfbundle; includeInIndex = 0; path = NewsUITests.xctest; sourceTree = BUILT_PRODUCTS_DIR; };
		7565F6401DC5DED800C523A5 /* NewsUITests.m */ = {isa = PBXFileReference; lastKnownFileType = sourcecode.c.objc; path = NewsUITests.m; sourceTree = "<group>"; };
		7565F6421DC5DED800C523A5 /* Info.plist */ = {isa = PBXFileReference; lastKnownFileType = text.plist.xml; path = Info.plist; sourceTree = "<group>"; };
		7565F6501DC5E42600C523A5 /* Webservice.h */ = {isa = PBXFileReference; fileEncoding = 4; lastKnownFileType = sourcecode.c.h; path = Webservice.h; sourceTree = "<group>"; };
		7565F6511DC5E42600C523A5 /* Webservice.m */ = {isa = PBXFileReference; fileEncoding = 4; lastKnownFileType = sourcecode.c.objc; path = Webservice.m; sourceTree = "<group>"; };
		7565F6571DC5F19400C523A5 /* NewsApiClient.h */ = {isa = PBXFileReference; fileEncoding = 4; lastKnownFileType = sourcecode.c.h; path = NewsApiClient.h; sourceTree = "<group>"; };
		7565F6581DC5F19400C523A5 /* NewsApiClient.m */ = {isa = PBXFileReference; fileEncoding = 4; lastKnownFileType = sourcecode.c.objc; path = NewsApiClient.m; sourceTree = "<group>"; };
/* End PBXFileReference section */

/* Begin PBXFrameworksBuildPhase section */
		7565F6151DC5DED700C523A5 /* Frameworks */ = {
			isa = PBXFrameworksBuildPhase;
			buildActionMask = 2147483647;
			files = (
			);
			runOnlyForDeploymentPostprocessing = 0;
		};
		7565F62E1DC5DED800C523A5 /* Frameworks */ = {
			isa = PBXFrameworksBuildPhase;
			buildActionMask = 2147483647;
			files = (
			);
			runOnlyForDeploymentPostprocessing = 0;
		};
		7565F6391DC5DED800C523A5 /* Frameworks */ = {
			isa = PBXFrameworksBuildPhase;
			buildActionMask = 2147483647;
			files = (
			);
			runOnlyForDeploymentPostprocessing = 0;
		};
/* End PBXFrameworksBuildPhase section */

/* Begin PBXGroup section */
		751142141DC78D5E00F299E1 /* EmptySourcesView */ = {
			isa = PBXGroup;
			children = (
				7561AAEF1DC659B10090F85D /* NewsSourceEmptyDataSourceView.h */,
				7561AAF01DC659B10090F85D /* NewsSourceEmptyDataSourceView.m */,
			);
			name = EmptySourcesView;
			sourceTree = "<group>";
		};
		7561AAE01DC62F060090F85D /* Model */ = {
			isa = PBXGroup;
			children = (
				7561AAE11DC62FC50090F85D /* NewsBuilder.h */,
				7561AAE21DC62FC50090F85D /* NewsBuilder.m */,
				7561AAEE1DC64BCD0090F85D /* DataCentral */,
				7561AAE71DC639910090F85D /* NewsSource */,
				756220451DC71E9C00EC0347 /* NewsArticle */,
			);
			name = Model;
			sourceTree = "<group>";
		};
		7561AAE71DC639910090F85D /* NewsSource */ = {
			isa = PBXGroup;
			children = (
				7561AADD1DC62F010090F85D /* NewsSource.h */,
				7561AADE1DC62F010090F85D /* NewsSource.m */,
				7561AAE41DC638E00090F85D /* NewsSourceLogo.h */,
				7561AAE51DC638E00090F85D /* NewsSourceLogo.m */,
			);
			name = NewsSource;
			sourceTree = "<group>";
		};
		7561AAEE1DC64BCD0090F85D /* DataCentral */ = {
			isa = PBXGroup;
			children = (
				7561AAE81DC644F60090F85D /* DataDirector.h */,
				7561AAE91DC644F60090F85D /* DataDirector.m */,
				7561AAEB1DC6479C0090F85D /* CannedDataDirectorDataSource.h */,
				7561AAEC1DC6479C0090F85D /* CannedDataDirectorDataSource.m */,
			);
			name = DataCentral;
			sourceTree = "<group>";
		};
		7561AAF21DC65B5A0090F85D /* View */ = {
			isa = PBXGroup;
			children = (
				7565F64E1DC5DF3C00C523A5 /* Assets */,
				751142141DC78D5E00F299E1 /* EmptySourcesView */,
			);
			name = View;
			sourceTree = "<group>";
		};
		756220451DC71E9C00EC0347 /* NewsArticle */ = {
			isa = PBXGroup;
			children = (
				756220421DC71E9200EC0347 /* NewsArticle.h */,
				756220431DC71E9200EC0347 /* NewsArticle.m */,
			);
			name = NewsArticle;
			sourceTree = "<group>";
		};
		7565F60F1DC5DED700C523A5 = {
			isa = PBXGroup;
			children = (
				7565F61A1DC5DED800C523A5 /* News */,
				7565F6341DC5DED800C523A5 /* NewsTests */,
				7565F63F1DC5DED800C523A5 /* NewsUITests */,
				7565F6191DC5DED800C523A5 /* Products */,
			);
			sourceTree = "<group>";
		};
		7565F6191DC5DED800C523A5 /* Products */ = {
			isa = PBXGroup;
			children = (
				7565F6181DC5DED800C523A5 /* News.app */,
				7565F6311DC5DED800C523A5 /* NewsTests.xctest */,
				7565F63C1DC5DED800C523A5 /* NewsUITests.xctest */,
			);
			name = Products;
			sourceTree = "<group>";
		};
		7565F61A1DC5DED800C523A5 /* News */ = {
			isa = PBXGroup;
			children = (
				7565F61E1DC5DED800C523A5 /* AppDelegate.h */,
				7565F61F1DC5DED800C523A5 /* AppDelegate.m */,
				7565F6531DC5E46A00C523A5 /* Network */,
				7561AAE01DC62F060090F85D /* Model */,
				7561AAF21DC65B5A0090F85D /* View */,
				7565F64F1DC5DF5A00C523A5 /* Controller */,
				7565F61B1DC5DED800C523A5 /* Supporting Files */,
			);
			path = News;
			sourceTree = "<group>";
		};
		7565F61B1DC5DED800C523A5 /* Supporting Files */ = {
			isa = PBXGroup;
			children = (
				7565F62C1DC5DED800C523A5 /* Info.plist */,
				7565F61C1DC5DED800C523A5 /* main.m */,
			);
			name = "Supporting Files";
			sourceTree = "<group>";
		};
		7565F6341DC5DED800C523A5 /* NewsTests */ = {
			isa = PBXGroup;
			children = (
				7565F6351DC5DED800C523A5 /* NewsTests.m */,
				7565F6371DC5DED800C523A5 /* Info.plist */,
			);
			path = NewsTests;
			sourceTree = "<group>";
		};
		7565F63F1DC5DED800C523A5 /* NewsUITests */ = {
			isa = PBXGroup;
			children = (
				7565F6401DC5DED800C523A5 /* NewsUITests.m */,
				7565F6421DC5DED800C523A5 /* Info.plist */,
			);
			path = NewsUITests;
			sourceTree = "<group>";
		};
		7565F64E1DC5DF3C00C523A5 /* Assets */ = {
			isa = PBXGroup;
			children = (
				7565F6241DC5DED800C523A5 /* Main.storyboard */,
				7565F6271DC5DED800C523A5 /* Assets.xcassets */,
				7565F6291DC5DED800C523A5 /* LaunchScreen.storyboard */,
			);
			name = Assets;
			sourceTree = "<group>";
		};
		7565F64F1DC5DF5A00C523A5 /* Controller */ = {
			isa = PBXGroup;
			children = (
				7565F6211DC5DED800C523A5 /* SourcesTableViewController.h */,
				7565F6221DC5DED800C523A5 /* SourcesTableViewController.m */,
				7562203F1DC71E1900EC0347 /* ArticlesTableViewController.h */,
				756220401DC71E1900EC0347 /* ArticlesTableViewController.m */,
				751142151DC79A1800F299E1 /* ArticleViewController.h */,
				751142161DC79A1800F299E1 /* ArticleViewController.m */,
			);
			name = Controller;
			sourceTree = "<group>";
		};
		7565F6531DC5E46A00C523A5 /* Network */ = {
			isa = PBXGroup;
			children = (
				7565F6501DC5E42600C523A5 /* Webservice.h */,
				7565F6511DC5E42600C523A5 /* Webservice.m */,
				7565F6571DC5F19400C523A5 /* NewsApiClient.h */,
				7565F6581DC5F19400C523A5 /* NewsApiClient.m */,
			);
			name = Network;
			sourceTree = "<group>";
		};
/* End PBXGroup section */

/* Begin PBXNativeTarget section */
		7565F6171DC5DED700C523A5 /* News */ = {
			isa = PBXNativeTarget;
			buildConfigurationList = 7565F6451DC5DED800C523A5 /* Build configuration list for PBXNativeTarget "News" */;
			buildPhases = (
				7565F6141DC5DED700C523A5 /* Sources */,
				7565F6151DC5DED700C523A5 /* Frameworks */,
				7565F6161DC5DED700C523A5 /* Resources */,
			);
			buildRules = (
			);
			dependencies = (
			);
			name = News;
			productName = News;
			productReference = 7565F6181DC5DED800C523A5 /* News.app */;
			productType = "com.apple.product-type.application";
		};
		7565F6301DC5DED800C523A5 /* NewsTests */ = {
			isa = PBXNativeTarget;
			buildConfigurationList = 7565F6481DC5DED800C523A5 /* Build configuration list for PBXNativeTarget "NewsTests" */;
			buildPhases = (
				7565F62D1DC5DED800C523A5 /* Sources */,
				7565F62E1DC5DED800C523A5 /* Frameworks */,
				7565F62F1DC5DED800C523A5 /* Resources */,
			);
			buildRules = (
			);
			dependencies = (
				7565F6331DC5DED800C523A5 /* PBXTargetDependency */,
			);
			name = NewsTests;
			productName = NewsTests;
			productReference = 7565F6311DC5DED800C523A5 /* NewsTests.xctest */;
			productType = "com.apple.product-type.bundle.unit-test";
		};
		7565F63B1DC5DED800C523A5 /* NewsUITests */ = {
			isa = PBXNativeTarget;
			buildConfigurationList = 7565F64B1DC5DED800C523A5 /* Build configuration list for PBXNativeTarget "NewsUITests" */;
			buildPhases = (
				7565F6381DC5DED800C523A5 /* Sources */,
				7565F6391DC5DED800C523A5 /* Frameworks */,
				7565F63A1DC5DED800C523A5 /* Resources */,
			);
			buildRules = (
			);
			dependencies = (
				7565F63E1DC5DED800C523A5 /* PBXTargetDependency */,
			);
			name = NewsUITests;
			productName = NewsUITests;
			productReference = 7565F63C1DC5DED800C523A5 /* NewsUITests.xctest */;
			productType = "com.apple.product-type.bundle.ui-testing";
		};
/* End PBXNativeTarget section */

/* Begin PBXProject section */
		7565F6101DC5DED700C523A5 /* Project object */ = {
			isa = PBXProject;
			attributes = {
				LastUpgradeCheck = 0810;
				ORGANIZATIONNAME = "Ivan Magda";
				TargetAttributes = {
					7565F6171DC5DED700C523A5 = {
						CreatedOnToolsVersion = 8.1;
						DevelopmentTeam = 6UNHY8UY6E;
						ProvisioningStyle = Automatic;
					};
					7565F6301DC5DED800C523A5 = {
						CreatedOnToolsVersion = 8.1;
						DevelopmentTeam = 6UNHY8UY6E;
						ProvisioningStyle = Automatic;
						TestTargetID = 7565F6171DC5DED700C523A5;
					};
					7565F63B1DC5DED800C523A5 = {
						CreatedOnToolsVersion = 8.1;
						DevelopmentTeam = 6UNHY8UY6E;
						ProvisioningStyle = Automatic;
						TestTargetID = 7565F6171DC5DED700C523A5;
					};
				};
			};
			buildConfigurationList = 7565F6131DC5DED700C523A5 /* Build configuration list for PBXProject "News" */;
			compatibilityVersion = "Xcode 3.2";
			developmentRegion = English;
			hasScannedForEncodings = 0;
			knownRegions = (
				en,
				Base,
			);
			mainGroup = 7565F60F1DC5DED700C523A5;
			productRefGroup = 7565F6191DC5DED800C523A5 /* Products */;
			projectDirPath = "";
			projectRoot = "";
			targets = (
				7565F6171DC5DED700C523A5 /* News */,
				7565F6301DC5DED800C523A5 /* NewsTests */,
				7565F63B1DC5DED800C523A5 /* NewsUITests */,
			);
		};
/* End PBXProject section */

/* Begin PBXResourcesBuildPhase section */
		7565F6161DC5DED700C523A5 /* Resources */ = {
			isa = PBXResourcesBuildPhase;
			buildActionMask = 2147483647;
			files = (
				7565F62B1DC5DED800C523A5 /* LaunchScreen.storyboard in Resources */,
				7565F6281DC5DED800C523A5 /* Assets.xcassets in Resources */,
				7565F6261DC5DED800C523A5 /* Main.storyboard in Resources */,
			);
			runOnlyForDeploymentPostprocessing = 0;
		};
		7565F62F1DC5DED800C523A5 /* Resources */ = {
			isa = PBXResourcesBuildPhase;
			buildActionMask = 2147483647;
			files = (
			);
			runOnlyForDeploymentPostprocessing = 0;
		};
		7565F63A1DC5DED800C523A5 /* Resources */ = {
			isa = PBXResourcesBuildPhase;
			buildActionMask = 2147483647;
			files = (
			);
			runOnlyForDeploymentPostprocessing = 0;
		};
/* End PBXResourcesBuildPhase section */

/* Begin PBXSourcesBuildPhase section */
		7565F6141DC5DED700C523A5 /* Sources */ = {
			isa = PBXSourcesBuildPhase;
			buildActionMask = 2147483647;
			files = (
				7565F6231DC5DED800C523A5 /* SourcesTableViewController.m in Sources */,
				7561AAEA1DC644F60090F85D /* DataDirector.m in Sources */,
				7565F6201DC5DED800C523A5 /* AppDelegate.m in Sources */,
				751142171DC79A1800F299E1 /* ArticleViewController.m in Sources */,
				7561AAE61DC638E00090F85D /* NewsSourceLogo.m in Sources */,
				7565F6591DC5F19400C523A5 /* NewsApiClient.m in Sources */,
				7561AAED1DC6479C0090F85D /* CannedDataDirectorDataSource.m in Sources */,
				7561AADF1DC62F010090F85D /* NewsSource.m in Sources */,
				7565F6521DC5E42600C523A5 /* Webservice.m in Sources */,
				756220441DC71E9200EC0347 /* NewsArticle.m in Sources */,
				7561AAE31DC62FC50090F85D /* NewsBuilder.m in Sources */,
				7561AAF11DC659B10090F85D /* NewsSourceEmptyDataSourceView.m in Sources */,
				756220411DC71E1900EC0347 /* ArticlesTableViewController.m in Sources */,
				7565F61D1DC5DED800C523A5 /* main.m in Sources */,
			);
			runOnlyForDeploymentPostprocessing = 0;
		};
		7565F62D1DC5DED800C523A5 /* Sources */ = {
			isa = PBXSourcesBuildPhase;
			buildActionMask = 2147483647;
			files = (
				7565F6361DC5DED800C523A5 /* NewsTests.m in Sources */,
			);
			runOnlyForDeploymentPostprocessing = 0;
		};
		7565F6381DC5DED800C523A5 /* Sources */ = {
			isa = PBXSourcesBuildPhase;
			buildActionMask = 2147483647;
			files = (
				7565F6411DC5DED800C523A5 /* NewsUITests.m in Sources */,
			);
			runOnlyForDeploymentPostprocessing = 0;
		};
/* End PBXSourcesBuildPhase section */

/* Begin PBXTargetDependency section */
		7565F6331DC5DED800C523A5 /* PBXTargetDependency */ = {
			isa = PBXTargetDependency;
			target = 7565F6171DC5DED700C523A5 /* News */;
			targetProxy = 7565F6321DC5DED800C523A5 /* PBXContainerItemProxy */;
		};
		7565F63E1DC5DED800C523A5 /* PBXTargetDependency */ = {
			isa = PBXTargetDependency;
			target = 7565F6171DC5DED700C523A5 /* News */;
			targetProxy = 7565F63D1DC5DED800C523A5 /* PBXContainerItemProxy */;
		};
/* End PBXTargetDependency section */

/* Begin PBXVariantGroup section */
		7565F6241DC5DED800C523A5 /* Main.storyboard */ = {
			isa = PBXVariantGroup;
			children = (
				7565F6251DC5DED800C523A5 /* Base */,
			);
			name = Main.storyboard;
			sourceTree = "<group>";
		};
		7565F6291DC5DED800C523A5 /* LaunchScreen.storyboard */ = {
			isa = PBXVariantGroup;
			children = (
				7565F62A1DC5DED800C523A5 /* Base */,
			);
			name = LaunchScreen.storyboard;
			sourceTree = "<group>";
		};
/* End PBXVariantGroup section */

/* Begin XCBuildConfiguration section */
		7565F6431DC5DED800C523A5 /* Debug */ = {
			isa = XCBuildConfiguration;
			buildSettings = {
				ALWAYS_SEARCH_USER_PATHS = NO;
				CLANG_ANALYZER_NONNULL = YES;
				CLANG_CXX_LANGUAGE_STANDARD = "gnu++0x";
				CLANG_CXX_LIBRARY = "libc++";
				CLANG_ENABLE_MODULES = YES;
				CLANG_ENABLE_OBJC_ARC = YES;
				CLANG_WARN_BOOL_CONVERSION = YES;
				CLANG_WARN_CONSTANT_CONVERSION = YES;
				CLANG_WARN_DIRECT_OBJC_ISA_USAGE = YES_ERROR;
				CLANG_WARN_DOCUMENTATION_COMMENTS = YES;
				CLANG_WARN_EMPTY_BODY = YES;
				CLANG_WARN_ENUM_CONVERSION = YES;
				CLANG_WARN_INFINITE_RECURSION = YES;
				CLANG_WARN_INT_CONVERSION = YES;
				CLANG_WARN_OBJC_ROOT_CLASS = YES_ERROR;
				CLANG_WARN_SUSPICIOUS_MOVES = YES;
				CLANG_WARN_UNREACHABLE_CODE = YES;
				CLANG_WARN__DUPLICATE_METHOD_MATCH = YES;
				"CODE_SIGN_IDENTITY[sdk=iphoneos*]" = "iPhone Developer";
				COPY_PHASE_STRIP = NO;
				DEBUG_INFORMATION_FORMAT = dwarf;
				ENABLE_STRICT_OBJC_MSGSEND = YES;
				ENABLE_TESTABILITY = YES;
				GCC_C_LANGUAGE_STANDARD = gnu99;
				GCC_DYNAMIC_NO_PIC = NO;
				GCC_NO_COMMON_BLOCKS = YES;
				GCC_OPTIMIZATION_LEVEL = 0;
				GCC_PREPROCESSOR_DEFINITIONS = (
					"DEBUG=1",
					"$(inherited)",
				);
				GCC_WARN_64_TO_32_BIT_CONVERSION = YES;
				GCC_WARN_ABOUT_RETURN_TYPE = YES_ERROR;
				GCC_WARN_UNDECLARED_SELECTOR = YES;
				GCC_WARN_UNINITIALIZED_AUTOS = YES_AGGRESSIVE;
				GCC_WARN_UNUSED_FUNCTION = YES;
				GCC_WARN_UNUSED_VARIABLE = YES;
				IPHONEOS_DEPLOYMENT_TARGET = 10.1;
				MTL_ENABLE_DEBUG_INFO = YES;
				ONLY_ACTIVE_ARCH = YES;
				SDKROOT = iphoneos;
				TARGETED_DEVICE_FAMILY = "1,2";
			};
			name = Debug;
		};
		7565F6441DC5DED800C523A5 /* Release */ = {
			isa = XCBuildConfiguration;
			buildSettings = {
				ALWAYS_SEARCH_USER_PATHS = NO;
				CLANG_ANALYZER_NONNULL = YES;
				CLANG_CXX_LANGUAGE_STANDARD = "gnu++0x";
				CLANG_CXX_LIBRARY = "libc++";
				CLANG_ENABLE_MODULES = YES;
				CLANG_ENABLE_OBJC_ARC = YES;
				CLANG_WARN_BOOL_CONVERSION = YES;
				CLANG_WARN_CONSTANT_CONVERSION = YES;
				CLANG_WARN_DIRECT_OBJC_ISA_USAGE = YES_ERROR;
				CLANG_WARN_DOCUMENTATION_COMMENTS = YES;
				CLANG_WARN_EMPTY_BODY = YES;
				CLANG_WARN_ENUM_CONVERSION = YES;
				CLANG_WARN_INFINITE_RECURSION = YES;
				CLANG_WARN_INT_CONVERSION = YES;
				CLANG_WARN_OBJC_ROOT_CLASS = YES_ERROR;
				CLANG_WARN_SUSPICIOUS_MOVES = YES;
				CLANG_WARN_UNREACHABLE_CODE = YES;
				CLANG_WARN__DUPLICATE_METHOD_MATCH = YES;
				"CODE_SIGN_IDENTITY[sdk=iphoneos*]" = "iPhone Developer";
				COPY_PHASE_STRIP = NO;
				DEBUG_INFORMATION_FORMAT = "dwarf-with-dsym";
				ENABLE_NS_ASSERTIONS = NO;
				ENABLE_STRICT_OBJC_MSGSEND = YES;
				GCC_C_LANGUAGE_STANDARD = gnu99;
				GCC_NO_COMMON_BLOCKS = YES;
				GCC_WARN_64_TO_32_BIT_CONVERSION = YES;
				GCC_WARN_ABOUT_RETURN_TYPE = YES_ERROR;
				GCC_WARN_UNDECLARED_SELECTOR = YES;
				GCC_WARN_UNINITIALIZED_AUTOS = YES_AGGRESSIVE;
				GCC_WARN_UNUSED_FUNCTION = YES;
				GCC_WARN_UNUSED_VARIABLE = YES;
				IPHONEOS_DEPLOYMENT_TARGET = 10.1;
				MTL_ENABLE_DEBUG_INFO = NO;
				SDKROOT = iphoneos;
				TARGETED_DEVICE_FAMILY = "1,2";
				VALIDATE_PRODUCT = YES;
			};
			name = Release;
		};
		7565F6461DC5DED800C523A5 /* Debug */ = {
			isa = XCBuildConfiguration;
			buildSettings = {
				ASSETCATALOG_COMPILER_APPICON_NAME = AppIcon;
				DEVELOPMENT_TEAM = 6UNHY8UY6E;
				INFOPLIST_FILE = News/Info.plist;
				IPHONEOS_DEPLOYMENT_TARGET = 8.0;
				LD_RUNPATH_SEARCH_PATHS = "$(inherited) @executable_path/Frameworks";
				PRODUCT_BUNDLE_IDENTIFIER = com.ivanmagda.News;
				PRODUCT_NAME = "$(TARGET_NAME)";
			};
			name = Debug;
		};
		7565F6471DC5DED800C523A5 /* Release */ = {
			isa = XCBuildConfiguration;
			buildSettings = {
				ASSETCATALOG_COMPILER_APPICON_NAME = AppIcon;
				DEVELOPMENT_TEAM = 6UNHY8UY6E;
				INFOPLIST_FILE = News/Info.plist;
				IPHONEOS_DEPLOYMENT_TARGET = 8.0;
				LD_RUNPATH_SEARCH_PATHS = "$(inherited) @executable_path/Frameworks";
				PRODUCT_BUNDLE_IDENTIFIER = com.ivanmagda.News;
				PRODUCT_NAME = "$(TARGET_NAME)";
			};
			name = Release;
		};
		7565F6491DC5DED800C523A5 /* Debug */ = {
			isa = XCBuildConfiguration;
			buildSettings = {
				BUNDLE_LOADER = "$(TEST_HOST)";
				DEVELOPMENT_TEAM = 6UNHY8UY6E;
				INFOPLIST_FILE = NewsTests/Info.plist;
				LD_RUNPATH_SEARCH_PATHS = "$(inherited) @executable_path/Frameworks @loader_path/Frameworks";
				PRODUCT_BUNDLE_IDENTIFIER = com.ivanmagda.NewsTests;
				PRODUCT_NAME = "$(TARGET_NAME)";
				TEST_HOST = "$(BUILT_PRODUCTS_DIR)/News.app/News";
			};
			name = Debug;
		};
		7565F64A1DC5DED800C523A5 /* Release */ = {
			isa = XCBuildConfiguration;
			buildSettings = {
				BUNDLE_LOADER = "$(TEST_HOST)";
				DEVELOPMENT_TEAM = 6UNHY8UY6E;
				INFOPLIST_FILE = NewsTests/Info.plist;
				LD_RUNPATH_SEARCH_PATHS = "$(inherited) @executable_path/Frameworks @loader_path/Frameworks";
				PRODUCT_BUNDLE_IDENTIFIER = com.ivanmagda.NewsTests;
				PRODUCT_NAME = "$(TARGET_NAME)";
				TEST_HOST = "$(BUILT_PRODUCTS_DIR)/News.app/News";
			};
			name = Release;
		};
		7565F64C1DC5DED800C523A5 /* Debug */ = {
			isa = XCBuildConfiguration;
			buildSettings = {
				DEVELOPMENT_TEAM = 6UNHY8UY6E;
				INFOPLIST_FILE = NewsUITests/Info.plist;
				LD_RUNPATH_SEARCH_PATHS = "$(inherited) @executable_path/Frameworks @loader_path/Frameworks";
				PRODUCT_BUNDLE_IDENTIFIER = com.ivanmagda.NewsUITests;
				PRODUCT_NAME = "$(TARGET_NAME)";
				TEST_TARGET_NAME = News;
			};
			name = Debug;
		};
		7565F64D1DC5DED800C523A5 /* Release */ = {
			isa = XCBuildConfiguration;
			buildSettings = {
				DEVELOPMENT_TEAM = 6UNHY8UY6E;
				INFOPLIST_FILE = NewsUITests/Info.plist;
				LD_RUNPATH_SEARCH_PATHS = "$(inherited) @executable_path/Frameworks @loader_path/Frameworks";
				PRODUCT_BUNDLE_IDENTIFIER = com.ivanmagda.NewsUITests;
				PRODUCT_NAME = "$(TARGET_NAME)";
				TEST_TARGET_NAME = News;
			};
			name = Release;
		};
/* End XCBuildConfiguration section */

/* Begin XCConfigurationList section */
		7565F6131DC5DED700C523A5 /* Build configuration list for PBXProject "News" */ = {
			isa = XCConfigurationList;
			buildConfigurations = (
				7565F6431DC5DED800C523A5 /* Debug */,
				7565F6441DC5DED800C523A5 /* Release */,
			);
			defaultConfigurationIsVisible = 0;
			defaultConfigurationName = Release;
		};
		7565F6451DC5DED800C523A5 /* Build configuration list for PBXNativeTarget "News" */ = {
			isa = XCConfigurationList;
			buildConfigurations = (
				7565F6461DC5DED800C523A5 /* Debug */,
				7565F6471DC5DED800C523A5 /* Release */,
			);
			defaultConfigurationIsVisible = 0;
			defaultConfigurationName = Release;
		};
		7565F6481DC5DED800C523A5 /* Build configuration list for PBXNativeTarget "NewsTests" */ = {
			isa = XCConfigurationList;
			buildConfigurations = (
				7565F6491DC5DED800C523A5 /* Debug */,
				7565F64A1DC5DED800C523A5 /* Release */,
			);
			defaultConfigurationIsVisible = 0;
			defaultConfigurationName = Release;
		};
		7565F64B1DC5DED800C523A5 /* Build configuration list for PBXNativeTarget "NewsUITests" */ = {
			isa = XCConfigurationList;
			buildConfigurations = (
				7565F64C1DC5DED800C523A5 /* Debug */,
				7565F64D1DC5DED800C523A5 /* Release */,
			);
			defaultConfigurationIsVisible = 0;
			defaultConfigurationName = Release;
		};
/* End XCConfigurationList section */
	};
	rootObject = 7565F6101DC5DED700C523A5 /* Project object */;
}
